
Microsoft Visual Studio Solution File, Format Version 12.00
# Visual Studio Version 17
VisualStudioVersion = 17.7.34202.233
MinimumVisualStudioVersion = 10.0.40219.1
Project("{9A19103F-16F7-4668-BE54-9A1E7A4F7556}") = "Basic Programs", "Basic Programs\Basic Programs.csproj", "{91BBEFD8-00B0-49A9-90FA-85BBFFF3A863}"
EndProject
Project("{9A19103F-16F7-4668-BE54-9A1E7A4F7556}") = "assignments", "assignments\assignments.csproj", "{B1418E39-632E-4094-B250-6778FD8AEECF}"
EndProject
Project("{9A19103F-16F7-4668-BE54-9A1E7A4F7556}") = "CaseStudy", "CaseStudy\CaseStudy.csproj", "{94A1B266-58A8-4B42-AA69-5261039FC311}"
EndProject
Project("{9A19103F-16F7-4668-BE54-9A1E7A4F7556}") = "CaseStudy2", "CaseStudy2\CaseStudy2.csproj", "{DF33EF77-573E-4941-A83A-0BC11EA9F332}"
EndProject
Project("{9A19103F-16F7-4668-BE54-9A1E7A4F7556}") = "LINQ", "LINQ\LINQ.csproj", "{713E89DB-4888-4962-AA4A-7D3614DA2BBD}"
EndProject
Project("{9A19103F-16F7-4668-BE54-9A1E7A4F7556}") = "ThreadsEx", "ThreadsEx\ThreadsEx.csproj", "{C9380A3B-944D-473D-AD89-E4CD7AA23651}"
EndProject
Project("{9A19103F-16F7-4668-BE54-9A1E7A4F7556}") = "CaseStudy3", "CaseStudy3\CaseStudy3.csproj", "{C6C448D9-1984-463C-B4AD-43448E1B8E03}"
EndProject
Project("{FAE04EC0-301F-11D3-BF4B-00C04F79EFBC}") = "TestProj1", "TestProj1\TestProj1.csproj", "{AFD33521-ADA7-40FD-9D89-E1384DA418F5}"
EndProject
Project("{FAE04EC0-301F-11D3-BF4B-00C04F79EFBC}") = "TestProject1", "TestProject1\TestProject1.csproj", "{A006AFCB-0C48-4506-AB38-340670D7E489}"
EndProject
Global
	GlobalSection(SolutionConfigurationPlatforms) = preSolution
		Debug|Any CPU = Debug|Any CPU
		Release|Any CPU = Release|Any CPU
	EndGlobalSection
	GlobalSection(ProjectConfigurationPlatforms) = postSolution
		{91BBEFD8-00B0-49A9-90FA-85BBFFF3A863}.Debug|Any CPU.ActiveCfg = Debug|Any CPU
		{91BBEFD8-00B0-49A9-90FA-85BBFFF3A863}.Debug|Any CPU.Build.0 = Debug|Any CPU
		{91BBEFD8-00B0-49A9-90FA-85BBFFF3A863}.Release|Any CPU.ActiveCfg = Release|Any CPU
		{91BBEFD8-00B0-49A9-90FA-85BBFFF3A863}.Release|Any CPU.Build.0 = Release|Any CPU
		{B1418E39-632E-4094-B250-6778FD8AEECF}.Debug|Any CPU.ActiveCfg = Debug|Any CPU
		{B1418E39-632E-4094-B250-6778FD8AEECF}.Debug|Any CPU.Build.0 = Debug|Any CPU
		{B1418E39-632E-4094-B250-6778FD8AEECF}.Release|Any CPU.ActiveCfg = Release|Any CPU
		{B1418E39-632E-4094-B250-6778FD8AEECF}.Release|Any CPU.Build.0 = Release|Any CPU
		{94A1B266-58A8-4B42-AA69-5261039FC311}.Debug|Any CPU.ActiveCfg = Debug|Any CPU
		{94A1B266-58A8-4B42-AA69-5261039FC311}.Debug|Any CPU.Build.0 = Debug|Any CPU
		{94A1B266-58A8-4B42-AA69-5261039FC311}.Release|Any CPU.ActiveCfg = Release|Any CPU
		{94A1B266-58A8-4B42-AA69-5261039FC311}.Release|Any CPU.Build.0 = Release|Any CPU
		{DF33EF77-573E-4941-A83A-0BC11EA9F332}.Debug|Any CPU.ActiveCfg = Debug|Any CPU
		{DF33EF77-573E-4941-A83A-0BC11EA9F332}.Debug|Any CPU.Build.0 = Debug|Any CPU
		{DF33EF77-573E-4941-A83A-0BC11EA9F332}.Release|Any CPU.ActiveCfg = Release|Any CPU
		{DF33EF77-573E-4941-A83A-0BC11EA9F332}.Release|Any CPU.Build.0 = Release|Any CPU
		{713E89DB-4888-4962-AA4A-7D3614DA2BBD}.Debug|Any CPU.ActiveCfg = Debug|Any CPU
		{713E89DB-4888-4962-AA4A-7D3614DA2BBD}.Debug|Any CPU.Build.0 = Debug|Any CPU
		{713E89DB-4888-4962-AA4A-7D3614DA2BBD}.Release|Any CPU.ActiveCfg = Release|Any CPU
		{713E89DB-4888-4962-AA4A-7D3614DA2BBD}.Release|Any CPU.Build.0 = Release|Any CPU
		{C9380A3B-944D-473D-AD89-E4CD7AA23651}.Debug|Any CPU.ActiveCfg = Debug|Any CPU
		{C9380A3B-944D-473D-AD89-E4CD7AA23651}.Debug|Any CPU.Build.0 = Debug|Any CPU
		{C9380A3B-944D-473D-AD89-E4CD7AA23651}.Release|Any CPU.ActiveCfg = Release|Any CPU
		{C9380A3B-944D-473D-AD89-E4CD7AA23651}.Release|Any CPU.Build.0 = Release|Any CPU
		{C6C448D9-1984-463C-B4AD-43448E1B8E03}.Debug|Any CPU.ActiveCfg = Debug|Any CPU
		{C6C448D9-1984-463C-B4AD-43448E1B8E03}.Debug|Any CPU.Build.0 = Debug|Any CPU
		{C6C448D9-1984-463C-B4AD-43448E1B8E03}.Release|Any CPU.ActiveCfg = Release|Any CPU
		{C6C448D9-1984-463C-B4AD-43448E1B8E03}.Release|Any CPU.Build.0 = Release|Any CPU
		{AFD33521-ADA7-40FD-9D89-E1384DA418F5}.Debug|Any CPU.ActiveCfg = Debug|Any CPU
		{AFD33521-ADA7-40FD-9D89-E1384DA418F5}.Debug|Any CPU.Build.0 = Debug|Any CPU
		{AFD33521-ADA7-40FD-9D89-E1384DA418F5}.Release|Any CPU.ActiveCfg = Release|Any CPU
		{AFD33521-ADA7-40FD-9D89-E1384DA418F5}.Release|Any CPU.Build.0 = Release|Any CPU
		{A006AFCB-0C48-4506-AB38-340670D7E489}.Debug|Any CPU.ActiveCfg = Debug|Any CPU
		{A006AFCB-0C48-4506-AB38-340670D7E489}.Debug|Any CPU.Build.0 = Debug|Any CPU
		{A006AFCB-0C48-4506-AB38-340670D7E489}.Release|Any CPU.ActiveCfg = Release|Any CPU
		{A006AFCB-0C48-4506-AB38-340670D7E489}.Release|Any CPU.Build.0 = Release|Any CPU
	EndGlobalSection
	GlobalSection(SolutionProperties) = preSolution
		HideSolutionNode = FALSE
	EndGlobalSection
	GlobalSection(ExtensibilityGlobals) = postSolution
		SolutionGuid = {77223E2C-D844-4541-9C39-F0E3F5FDD8EB}
	EndGlobalSection
EndGlobal
